
Microsoft Visual Studio Solution File, Format Version 12.00
# Visual Studio Version 17
VisualStudioVersion = 17.0.31903.59
MinimumVisualStudioVersion = 10.0.40219.1
Project("{FAE04EC0-301F-11D3-BF4B-00C04F79EFBC}") = "GreetingApp", "GreetingApp\GreetingApp.csproj", "{8D41EFEA-3E8F-4793-B265-7E6AC67CBE14}"
EndProject
Project("{FAE04EC0-301F-11D3-BF4B-00C04F79EFBC}") = "GreetingApp.Mvc", "GreetingApp.Mvc\GreetingApp.Mvc.csproj", "{343639EE-7B16-434B-94FE-934FDDC4FEDF}"
EndProject
Global
	GlobalSection(SolutionConfigurationPlatforms) = preSolution
		Debug|Any CPU = Debug|Any CPU
		Release|Any CPU = Release|Any CPU
	EndGlobalSection
	GlobalSection(SolutionProperties) = preSolution
		HideSolutionNode = FALSE
	EndGlobalSection
	GlobalSection(ProjectConfigurationPlatforms) = postSolution
		{8D41EFEA-3E8F-4793-B265-7E6AC67CBE14}.Debug|Any CPU.ActiveCfg = Debug|Any CPU
		{8D41EFEA-3E8F-4793-B265-7E6AC67CBE14}.Debug|Any CPU.Build.0 = Debug|Any CPU
		{8D41EFEA-3E8F-4793-B265-7E6AC67CBE14}.Release|Any CPU.ActiveCfg = Release|Any CPU
		{8D41EFEA-3E8F-4793-B265-7E6AC67CBE14}.Release|Any CPU.Build.0 = Release|Any CPU
		{343639EE-7B16-434B-94FE-934FDDC4FEDF}.Debug|Any CPU.ActiveCfg = Debug|Any CPU
		{343639EE-7B16-434B-94FE-934FDDC4FEDF}.Debug|Any CPU.Build.0 = Debug|Any CPU
		{343639EE-7B16-434B-94FE-934FDDC4FEDF}.Release|Any CPU.ActiveCfg = Release|Any CPU
		{343639EE-7B16-434B-94FE-934FDDC4FEDF}.Release|Any CPU.Build.0 = Release|Any CPU
	EndGlobalSection
EndGlobal
